
Microsoft Visual Studio Solution File, Format Version 12.00
# Visual Studio Version 16
VisualStudioVersion = 16.0.30503.244
MinimumVisualStudioVersion = 10.0.40219.1
Project("{9092AA53-FB77-4645-B42D-1CCCA6BD08BD}") = "NodejsConsoleAp", "NodejsConsoleAp\NodejsConsoleAp.njsproj", "{9492FF04-B524-46B0-8993-F93AF9F64485}"
EndProject
Global
	GlobalSection(SolutionConfigurationPlatforms) = preSolution
		Debug|Any CPU = Debug|Any CPU
		Release|Any CPU = Release|Any CPU
	EndGlobalSection
	GlobalSection(ProjectConfigurationPlatforms) = postSolution
		{9492FF04-B524-46B0-8993-F93AF9F64485}.Debug|Any CPU.ActiveCfg = Debug|Any CPU
		{9492FF04-B524-46B0-8993-F93AF9F64485}.Debug|Any CPU.Build.0 = Debug|Any CPU
		{9492FF04-B524-46B0-8993-F93AF9F64485}.Release|Any CPU.ActiveCfg = Release|Any CPU
		{9492FF04-B524-46B0-8993-F93AF9F64485}.Release|Any CPU.Build.0 = Release|Any CPU
	EndGlobalSection
	GlobalSection(SolutionProperties) = preSolution
		HideSolutionNode = FALSE
	EndGlobalSection
	GlobalSection(ExtensibilityGlobals) = postSolution
		SolutionGuid = {A05EE4F7-C97E-4A8C-BA62-CFA99839ECEB}
	EndGlobalSection
EndGlobal
